// !$*UTF8*$!
{
	archiveVersion = 1;
	classes = {
	};
	objectVersion = 46;
	objects = {

/* Begin PBXBuildFile section */
		4E0EE0311CFDC7B80031E78A /* AppDelegate.swift in Sources */ = {isa = PBXBuildFile; fileRef = 4E0EE0301CFDC7B80031E78A /* AppDelegate.swift */; };
		4E0EE0331CFDC7B80031E78A /* ViewController.swift in Sources */ = {isa = PBXBuildFile; fileRef = 4E0EE0321CFDC7B80031E78A /* ViewController.swift */; };
		4E0EE0361CFDC7B80031E78A /* Main.storyboard in Resources */ = {isa = PBXBuildFile; fileRef = 4E0EE0341CFDC7B80031E78A /* Main.storyboard */; };
		4E0EE0381CFDC7B80031E78A /* Assets.xcassets in Resources */ = {isa = PBXBuildFile; fileRef = 4E0EE0371CFDC7B80031E78A /* Assets.xcassets */; };
		4E0EE03B1CFDC7B80031E78A /* LaunchScreen.storyboard in Resources */ = {isa = PBXBuildFile; fileRef = 4E0EE0391CFDC7B80031E78A /* LaunchScreen.storyboard */; };
		4E0EE0471CFDCBB60031E78A /* pound-yen-euro-dollar.png in Resources */ = {isa = PBXBuildFile; fileRef = 4E0EE0461CFDCBB60031E78A /* pound-yen-euro-dollar.png */; };
		4E2DEBAD1D0876E900ED8E07 /* Lightning.png in Resources */ = {isa = PBXBuildFile; fileRef = 4E2DEBAC1D0876E900ED8E07 /* Lightning.png */; };
/* End PBXBuildFile section */

/* Begin PBXFileReference section */
		4E0EE02D1CFDC7B80031E78A /* CurrencyConverter.app */ = {isa = PBXFileReference; explicitFileType = wrapper.application; includeInIndex = 0; path = CurrencyConverter.app; sourceTree = BUILT_PRODUCTS_DIR; };
		4E0EE0301CFDC7B80031E78A /* AppDelegate.swift */ = {isa = PBXFileReference; lastKnownFileType = sourcecode.swift; path = AppDelegate.swift; sourceTree = "<group>"; };
		4E0EE0321CFDC7B80031E78A /* ViewController.swift */ = {isa = PBXFileReference; lastKnownFileType = sourcecode.swift; path = ViewController.swift; sourceTree = "<group>"; };
		4E0EE0351CFDC7B80031E78A /* Base */ = {isa = PBXFileReference; lastKnownFileType = file.storyboard; name = Base; path = Base.lproj/Main.storyboard; sourceTree = "<group>"; };
		4E0EE0371CFDC7B80031E78A /* Assets.xcassets */ = {isa = PBXFileReference; lastKnownFileType = folder.assetcatalog; path = Assets.xcassets; sourceTree = "<group>"; };
		4E0EE03A1CFDC7B80031E78A /* Base */ = {isa = PBXFileReference; lastKnownFileType = file.storyboard; name = Base; path = Base.lproj/LaunchScreen.storyboard; sourceTree = "<group>"; };
		4E0EE03C1CFDC7B80031E78A /* Info.plist */ = {isa = PBXFileReference; lastKnownFileType = text.plist.xml; path = Info.plist; sourceTree = "<group>"; };
		4E0EE0461CFDCBB60031E78A /* pound-yen-euro-dollar.png */ = {isa = PBXFileReference; lastKnownFileType = image.png; path = "pound-yen-euro-dollar.png"; sourceTree = "<group>"; };
		4E2DEBAC1D0876E900ED8E07 /* Lightning.png */ = {isa = PBXFileReference; lastKnownFileType = image.png; name = Lightning.png; path = "my_basename 2/sizes/Lightning.png"; sourceTree = "<group>"; };
/* End PBXFileReference section */

/* Begin PBXFrameworksBuildPhase section */
		4E0EE02A1CFDC7B80031E78A /* Frameworks */ = {
			isa = PBXFrameworksBuildPhase;
			buildActionMask = 2147483647;
			files = (
			);
			runOnlyForDeploymentPostprocessing = 0;
		};
/* End PBXFrameworksBuildPhase section */

/* Begin PBXGroup section */
		4E0EE0241CFDC7B80031E78A = {
			isa = PBXGroup;
			children = (
				4E0EE02F1CFDC7B80031E78A /* CurrencyConverter */,
				4E0EE02E1CFDC7B80031E78A /* Products */,
			);
			sourceTree = "<group>";
		};
		4E0EE02E1CFDC7B80031E78A /* Products */ = {
			isa = PBXGroup;
			children = (
				4E0EE02D1CFDC7B80031E78A /* CurrencyConverter.app */,
			);
			name = Products;
			sourceTree = "<group>";
		};
		4E0EE02F1CFDC7B80031E78A /* CurrencyConverter */ = {
			isa = PBXGroup;
			children = (
				4E0EE0301CFDC7B80031E78A /* AppDelegate.swift */,
				4E0EE0321CFDC7B80031E78A /* ViewController.swift */,
				4E0EE0341CFDC7B80031E78A /* Main.storyboard */,
				4E0EE0371CFDC7B80031E78A /* Assets.xcassets */,
				4E0EE0391CFDC7B80031E78A /* LaunchScreen.storyboard */,
				4E2DEBAC1D0876E900ED8E07 /* Lightning.png */,
				4E0EE0461CFDCBB60031E78A /* pound-yen-euro-dollar.png */,
				4E0EE03C1CFDC7B80031E78A /* Info.plist */,
			);
			path = CurrencyConverter;
			sourceTree = "<group>";
		};
/* End PBXGroup section */

/* Begin PBXNativeTarget section */
		4E0EE02C1CFDC7B80031E78A /* CurrencyConverter */ = {
			isa = PBXNativeTarget;
			buildConfigurationList = 4E0EE03F1CFDC7B80031E78A /* Build configuration list for PBXNativeTarget "CurrencyConverter" */;
			buildPhases = (
				4E0EE0291CFDC7B80031E78A /* Sources */,
				4E0EE02A1CFDC7B80031E78A /* Frameworks */,
				4E0EE02B1CFDC7B80031E78A /* Resources */,
			);
			buildRules = (
			);
			dependencies = (
			);
			name = CurrencyConverter;
			productName = CurrencyConverter;
			productReference = 4E0EE02D1CFDC7B80031E78A /* CurrencyConverter.app */;
			productType = "com.apple.product-type.application";
		};
/* End PBXNativeTarget section */

/* Begin PBXProject section */
		4E0EE0251CFDC7B80031E78A /* Project object */ = {
			isa = PBXProject;
			attributes = {
				LastSwiftUpdateCheck = 0730;
				LastUpgradeCheck = 0730;
				ORGANIZATIONNAME = "Pranav Kasetti";
				TargetAttributes = {
					4E0EE02C1CFDC7B80031E78A = {
						CreatedOnToolsVersion = 7.3.1;
					};
				};
			};
			buildConfigurationList = 4E0EE0281CFDC7B80031E78A /* Build configuration list for PBXProject "CurrencyConverter" */;
			compatibilityVersion = "Xcode 3.2";
			developmentRegion = English;
			hasScannedForEncodings = 0;
			knownRegions = (
				en,
				Base,
			);
			mainGroup = 4E0EE0241CFDC7B80031E78A;
			productRefGroup = 4E0EE02E1CFDC7B80031E78A /* Products */;
			projectDirPath = "";
			projectRoot = "";
			targets = (
				4E0EE02C1CFDC7B80031E78A /* CurrencyConverter */,
			);
		};
/* End PBXProject section */

/* Begin PBXResourcesBuildPhase section */
		4E0EE02B1CFDC7B80031E78A /* Resources */ = {
			isa = PBXResourcesBuildPhase;
			buildActionMask = 2147483647;
			files = (
				4E0EE03B1CFDC7B80031E78A /* LaunchScreen.storyboard in Resources */,
				4E2DEBAD1D0876E900ED8E07 /* Lightning.png in Resources */,
				4E0EE0381CFDC7B80031E78A /* Assets.xcassets in Resources */,
				4E0EE0471CFDCBB60031E78A /* pound-yen-euro-dollar.png in Resources */,
				4E0EE0361CFDC7B80031E78A /* Main.storyboard in Resources */,
			);
			runOnlyForDeploymentPostprocessing = 0;
		};
/* End PBXResourcesBuildPhase section */

/* Begin PBXSourcesBuildPhase section */
		4E0EE0291CFDC7B80031E78A /* Sources */ = {
			isa = PBXSourcesBuildPhase;
			buildActionMask = 2147483647;
			files = (
				4E0EE0331CFDC7B80031E78A /* ViewController.swift in Sources */,
				4E0EE0311CFDC7B80031E78A /* AppDelegate.swift in Sources */,
			);
			runOnlyForDeploymentPostprocessing = 0;
		};
/* End PBXSourcesBuildPhase section */

/* Begin PBXVariantGroup section */
		4E0EE0341CFDC7B80031E78A /* Main.storyboard */ = {
			isa = PBXVariantGroup;
			children = (
				4E0EE0351CFDC7B80031E78A /* Base */,
			);
			name = Main.storyboard;
			sourceTree = "<group>";
		};
		4E0EE0391CFDC7B80031E78A /* LaunchScreen.storyboard */ = {
			isa = PBXVariantGroup;
			children = (
				4E0EE03A1CFDC7B80031E78A /* Base */,
			);
			name = LaunchScreen.storyboard;
			sourceTree = "<group>";
		};
/* End PBXVariantGroup section */

/* Begin XCBuildConfiguration section */
		4E0EE03D1CFDC7B80031E78A /* Debug */ = {
			isa = XCBuildConfiguration;
			buildSettings = {
				ALWAYS_SEARCH_USER_PATHS = NO;
				CLANG_ANALYZER_NONNULL = YES;
				CLANG_CXX_LANGUAGE_STANDARD = "gnu++0x";
				CLANG_CXX_LIBRARY = "libc++";
				CLANG_ENABLE_MODULES = YES;
				CLANG_ENABLE_OBJC_ARC = YES;
				CLANG_WARN_BOOL_CONVERSION = YES;
				CLANG_WARN_CONSTANT_CONVERSION = YES;
				CLANG_WARN_DIRECT_OBJC_ISA_USAGE = YES_ERROR;
				CLANG_WARN_EMPTY_BODY = YES;
				CLANG_WARN_ENUM_CONVERSION = YES;
				CLANG_WARN_INT_CONVERSION = YES;
				CLANG_WARN_OBJC_ROOT_CLASS = YES_ERROR;
				CLANG_WARN_UNREACHABLE_CODE = YES;
				CLANG_WARN__DUPLICATE_METHOD_MATCH = YES;
				"CODE_SIGN_IDENTITY[sdk=iphoneos*]" = "iPhone Developer";
				COPY_PHASE_STRIP = NO;
				DEBUG_INFORMATION_FORMAT = dwarf;
				ENABLE_STRICT_OBJC_MSGSEND = YES;
				ENABLE_TESTABILITY = YES;
				GCC_C_LANGUAGE_STANDARD = gnu99;
				GCC_DYNAMIC_NO_PIC = NO;
				GCC_NO_COMMON_BLOCKS = YES;
				GCC_OPTIMIZATION_LEVEL = 0;
				GCC_PREPROCESSOR_DEFINITIONS = (
					"DEBUG=1",
					"$(inherited)",
				);
				GCC_WARN_64_TO_32_BIT_CONVERSION = YES;
				GCC_WARN_ABOUT_RETURN_TYPE = YES_ERROR;
				GCC_WARN_UNDECLARED_SELECTOR = YES;
				GCC_WARN_UNINITIALIZED_AUTOS = YES_AGGRESSIVE;
				GCC_WARN_UNUSED_FUNCTION = YES;
				GCC_WARN_UNUSED_VARIABLE = YES;
				IPHONEOS_DEPLOYMENT_TARGET = 9.3;
				MTL_ENABLE_DEBUG_INFO = YES;
				ONLY_ACTIVE_ARCH = YES;
				SDKROOT = iphoneos;
				SWIFT_OPTIMIZATION_LEVEL = "-Onone";
				TARGETED_DEVICE_FAMILY = "1,2";
			};
			name = Debug;
		};
		4E0EE03E1CFDC7B80031E78A /* Release */ = {
			isa = XCBuildConfiguration;
			buildSettings = {
				ALWAYS_SEARCH_USER_PATHS = NO;
				CLANG_ANALYZER_NONNULL = YES;
				CLANG_CXX_LANGUAGE_STANDARD = "gnu++0x";
				CLANG_CXX_LIBRARY = "libc++";
				CLANG_ENABLE_MODULES = YES;
				CLANG_ENABLE_OBJC_ARC = YES;
				CLANG_WARN_BOOL_CONVERSION = YES;
				CLANG_WARN_CONSTANT_CONVERSION = YES;
				CLANG_WARN_DIRECT_OBJC_ISA_USAGE = YES_ERROR;
				CLANG_WARN_EMPTY_BODY = YES;
				CLANG_WARN_ENUM_CONVERSION = YES;
				CLANG_WARN_INT_CONVERSION = YES;
				CLANG_WARN_OBJC_ROOT_CLASS = YES_ERROR;
				CLANG_WARN_UNREACHABLE_CODE = YES;
				CLANG_WARN__DUPLICATE_METHOD_MATCH = YES;
				"CODE_SIGN_IDENTITY[sdk=iphoneos*]" = "iPhone Developer";
				COPY_PHASE_STRIP = NO;
				DEBUG_INFORMATION_FORMAT = "dwarf-with-dsym";
				ENABLE_NS_ASSERTIONS = NO;
				ENABLE_STRICT_OBJC_MSGSEND = YES;
				GCC_C_LANGUAGE_STANDARD = gnu99;
				GCC_NO_COMMON_BLOCKS = YES;
				GCC_WARN_64_TO_32_BIT_CONVERSION = YES;
				GCC_WARN_ABOUT_RETURN_TYPE = YES_ERROR;
				GCC_WARN_UNDECLARED_SELECTOR = YES;
				GCC_WARN_UNINITIALIZED_AUTOS = YES_AGGRESSIVE;
				GCC_WARN_UNUSED_FUNCTION = YES;
				GCC_WARN_UNUSED_VARIABLE = YES;
				IPHONEOS_DEPLOYMENT_TARGET = 9.3;
				MTL_ENABLE_DEBUG_INFO = NO;
				SDKROOT = iphoneos;
				TARGETED_DEVICE_FAMILY = "1,2";
				VALIDATE_PRODUCT = YES;
			};
			name = Release;
		};
		4E0EE0401CFDC7B80031E78A /* Debug */ = {
			isa = XCBuildConfiguration;
			buildSettings = {
				ASSETCATALOG_COMPILER_APPICON_NAME = "AppIcon-1";
				INFOPLIST_FILE = CurrencyConverter/Info.plist;
				IPHONEOS_DEPLOYMENT_TARGET = 9.3;
				LD_RUNPATH_SEARCH_PATHS = "$(inherited) @executable_path/Frameworks";
				PRODUCT_BUNDLE_IDENTIFIER = pranav.kasetti.CurrencyConverter;
				PRODUCT_NAME = "$(TARGET_NAME)";
			};
			name = Debug;
		};
		4E0EE0411CFDC7B80031E78A /* Release */ = {
			isa = XCBuildConfiguration;
			buildSettings = {
				ASSETCATALOG_COMPILER_APPICON_NAME = "AppIcon-1";
				INFOPLIST_FILE = CurrencyConverter/Info.plist;
				IPHONEOS_DEPLOYMENT_TARGET = 9.3;
				LD_RUNPATH_SEARCH_PATHS = "$(inherited) @executable_path/Frameworks";
				PRODUCT_BUNDLE_IDENTIFIER = pranav.kasetti.CurrencyConverter;
				PRODUCT_NAME = "$(TARGET_NAME)";
			};
			name = Release;
		};
/* End XCBuildConfiguration section */

/* Begin XCConfigurationList section */
		4E0EE0281CFDC7B80031E78A /* Build configuration list for PBXProject "CurrencyConverter" */ = {
			isa = XCConfigurationList;
			buildConfigurations = (
				4E0EE03D1CFDC7B80031E78A /* Debug */,
				4E0EE03E1CFDC7B80031E78A /* Release */,
			);
			defaultConfigurationIsVisible = 0;
			defaultConfigurationName = Release;
		};
		4E0EE03F1CFDC7B80031E78A /* Build configuration list for PBXNativeTarget "CurrencyConverter" */ = {
			isa = XCConfigurationList;
			buildConfigurations = (
				4E0EE0401CFDC7B80031E78A /* Debug */,
				4E0EE0411CFDC7B80031E78A /* Release */,
			);
			defaultConfigurationIsVisible = 0;
			defaultConfigurationName = Release;
		};
/* End XCConfigurationList section */
	};
	rootObject = 4E0EE0251CFDC7B80031E78A /* Project object */;
}
